
Microsoft Visual Studio Solution File, Format Version 12.00
# Visual Studio Version 16
VisualStudioVersion = 16.0.29209.62
MinimumVisualStudioVersion = 10.0.40219.1
Project("{FAE04EC0-301F-11D3-BF4B-00C04F79EFBC}") = "JWTEXAMPLE", "JWTEXAMPLE.csproj", "{5BFC9859-2553-43D3-ABEE-ACA75D7ED076}"
EndProject
Global
	GlobalSection(SolutionConfigurationPlatforms) = preSolution
		Debug|Any CPU = Debug|Any CPU
		Release|Any CPU = Release|Any CPU
	EndGlobalSection
	GlobalSection(ProjectConfigurationPlatforms) = postSolution
		{5BFC9859-2553-43D3-ABEE-ACA75D7ED076}.Debug|Any CPU.ActiveCfg = Debug|Any CPU
		{5BFC9859-2553-43D3-ABEE-ACA75D7ED076}.Debug|Any CPU.Build.0 = Debug|Any CPU
		{5BFC9859-2553-43D3-ABEE-ACA75D7ED076}.Release|Any CPU.ActiveCfg = Release|Any CPU
		{5BFC9859-2553-43D3-ABEE-ACA75D7ED076}.Release|Any CPU.Build.0 = Release|Any CPU
	EndGlobalSection
	GlobalSection(SolutionProperties) = preSolution
		HideSolutionNode = FALSE
	EndGlobalSection
	GlobalSection(ExtensibilityGlobals) = postSolution
		SolutionGuid = {34CEC1E2-9FE1-4D6C-8B05-5A725F6F76F9}
	EndGlobalSection
EndGlobal
